
Microsoft Visual Studio Solution File, Format Version 12.00
# Visual Studio 2012
Project("{FAE04EC0-301F-11D3-BF4B-00C04F79EFBC}") = "Sample_1", "Sample_1.csproj", "{18384F98-244B-4EC1-9DB4-FAA33D52FCB3}"
EndProject
Project("{FAE04EC0-301F-11D3-BF4B-00C04F79EFBC}") = "MagicCommonLibrary", "..\..\..\DLLs\MagicCommonLibrary\MagicCommonLibrary.csproj", "{1BF79916-43A7-4935-B4BC-7EDBD8266CED}"
EndProject
Project("{FAE04EC0-301F-11D3-BF4B-00C04F79EFBC}") = "MagicGraphicLibrary", "..\..\..\DLLs\MagicGraphicLibrary\MagicGraphicLibrary.csproj", "{4301467A-DF09-4CF1-B419-FFF55A72A928}"
EndProject
Project("{FAE04EC0-301F-11D3-BF4B-00C04F79EFBC}") = "MagicServerLibrary", "..\..\..\DLLs\MagicServerLibrary\MagicServerLibrary.csproj", "{0A891508-6AFA-4CD1-BF50-B6B81FEB0CEE}"
EndProject
Global
	GlobalSection(SolutionConfigurationPlatforms) = preSolution
		Debug|Any CPU = Debug|Any CPU
		Release|Any CPU = Release|Any CPU
	EndGlobalSection
	GlobalSection(ProjectConfigurationPlatforms) = postSolution
		{18384F98-244B-4EC1-9DB4-FAA33D52FCB3}.Debug|Any CPU.ActiveCfg = Debug|Any CPU
		{18384F98-244B-4EC1-9DB4-FAA33D52FCB3}.Debug|Any CPU.Build.0 = Debug|Any CPU
		{18384F98-244B-4EC1-9DB4-FAA33D52FCB3}.Release|Any CPU.ActiveCfg = Release|Any CPU
		{18384F98-244B-4EC1-9DB4-FAA33D52FCB3}.Release|Any CPU.Build.0 = Release|Any CPU
		{1BF79916-43A7-4935-B4BC-7EDBD8266CED}.Debug|Any CPU.ActiveCfg = Debug|Any CPU
		{1BF79916-43A7-4935-B4BC-7EDBD8266CED}.Debug|Any CPU.Build.0 = Debug|Any CPU
		{1BF79916-43A7-4935-B4BC-7EDBD8266CED}.Release|Any CPU.ActiveCfg = Release|Any CPU
		{1BF79916-43A7-4935-B4BC-7EDBD8266CED}.Release|Any CPU.Build.0 = Release|Any CPU
		{4301467A-DF09-4CF1-B419-FFF55A72A928}.Debug|Any CPU.ActiveCfg = Debug|Any CPU
		{4301467A-DF09-4CF1-B419-FFF55A72A928}.Debug|Any CPU.Build.0 = Debug|Any CPU
		{4301467A-DF09-4CF1-B419-FFF55A72A928}.Release|Any CPU.ActiveCfg = Release|Any CPU
		{4301467A-DF09-4CF1-B419-FFF55A72A928}.Release|Any CPU.Build.0 = Release|Any CPU
		{0A891508-6AFA-4CD1-BF50-B6B81FEB0CEE}.Debug|Any CPU.ActiveCfg = Debug|Any CPU
		{0A891508-6AFA-4CD1-BF50-B6B81FEB0CEE}.Debug|Any CPU.Build.0 = Debug|Any CPU
		{0A891508-6AFA-4CD1-BF50-B6B81FEB0CEE}.Release|Any CPU.ActiveCfg = Release|Any CPU
		{0A891508-6AFA-4CD1-BF50-B6B81FEB0CEE}.Release|Any CPU.Build.0 = Release|Any CPU
	EndGlobalSection
	GlobalSection(SolutionProperties) = preSolution
		HideSolutionNode = FALSE
	EndGlobalSection
EndGlobal
